// !$*UTF8*$!
{
	archiveVersion = 1;
	classes = {
	};
	objectVersion = 56;
	objects = {

/* Begin PBXBuildFile section */
		6C41602C2CF466100040BABA /* DisneyQuizApp.swift in Sources */ = {isa = PBXBuildFile; fileRef = 6C41602B2CF466100040BABA /* DisneyQuizApp.swift */; };
		6C41602E2CF466100040BABA /* ContentView.swift in Sources */ = {isa = PBXBuildFile; fileRef = 6C41602D2CF466100040BABA /* ContentView.swift */; };
		6C4160302CF466110040BABA /* Assets.xcassets in Resources */ = {isa = PBXBuildFile; fileRef = 6C41602F2CF466110040BABA /* Assets.xcassets */; };
		6C4160332CF466110040BABA /* Preview Assets.xcassets in Resources */ = {isa = PBXBuildFile; fileRef = 6C4160322CF466110040BABA /* Preview Assets.xcassets */; };
		6C41603D2CF466510040BABA /* Question.swift in Sources */ = {isa = PBXBuildFile; fileRef = 6C41603C2CF466510040BABA /* Question.swift */; };
		6C41603F2CF467840040BABA /* QuestionDetailView.swift in Sources */ = {isa = PBXBuildFile; fileRef = 6C41603E2CF467840040BABA /* QuestionDetailView.swift */; };
		6C4160412CF5B9ED0040BABA /* QuestionFormView.swift in Sources */ = {isa = PBXBuildFile; fileRef = 6C4160402CF5B9ED0040BABA /* QuestionFormView.swift */; };
		6C4160432CF5BD8D0040BABA /* QuestionListView.swift in Sources */ = {isa = PBXBuildFile; fileRef = 6C4160422CF5BD8D0040BABA /* QuestionListView.swift */; };
		6C4160452CF5DF2E0040BABA /* ChoiceFormView.swift in Sources */ = {isa = PBXBuildFile; fileRef = 6C4160442CF5DF2E0040BABA /* ChoiceFormView.swift */; };
		6C4160482CF70ED20040BABA /* NavigationManager.swift in Sources */ = {isa = PBXBuildFile; fileRef = 6C4160472CF70ED20040BABA /* NavigationManager.swift */; };
		6C41604A2CF88DBB0040BABA /* QuestionImagePicker.swift in Sources */ = {isa = PBXBuildFile; fileRef = 6C4160492CF88DBB0040BABA /* QuestionImagePicker.swift */; };
		6C41604C2CF895D20040BABA /* FileManagerExtensions.swift in Sources */ = {isa = PBXBuildFile; fileRef = 6C41604B2CF895D20040BABA /* FileManagerExtensions.swift */; };
		6C41604E2CFC2B120040BABA /* QuizView.swift in Sources */ = {isa = PBXBuildFile; fileRef = 6C41604D2CFC2B120040BABA /* QuizView.swift */; };
/* End PBXBuildFile section */

/* Begin PBXFileReference section */
		6C4160282CF466100040BABA /* DisneyQuiz.app */ = {isa = PBXFileReference; explicitFileType = wrapper.application; includeInIndex = 0; path = DisneyQuiz.app; sourceTree = BUILT_PRODUCTS_DIR; };
		6C41602B2CF466100040BABA /* DisneyQuizApp.swift */ = {isa = PBXFileReference; lastKnownFileType = sourcecode.swift; path = DisneyQuizApp.swift; sourceTree = "<group>"; };
		6C41602D2CF466100040BABA /* ContentView.swift */ = {isa = PBXFileReference; lastKnownFileType = sourcecode.swift; path = ContentView.swift; sourceTree = "<group>"; };
		6C41602F2CF466110040BABA /* Assets.xcassets */ = {isa = PBXFileReference; lastKnownFileType = folder.assetcatalog; path = Assets.xcassets; sourceTree = "<group>"; };
		6C4160322CF466110040BABA /* Preview Assets.xcassets */ = {isa = PBXFileReference; lastKnownFileType = folder.assetcatalog; path = "Preview Assets.xcassets"; sourceTree = "<group>"; };
		6C41603C2CF466510040BABA /* Question.swift */ = {isa = PBXFileReference; lastKnownFileType = sourcecode.swift; path = Question.swift; sourceTree = "<group>"; };
		6C41603E2CF467840040BABA /* QuestionDetailView.swift */ = {isa = PBXFileReference; lastKnownFileType = sourcecode.swift; path = QuestionDetailView.swift; sourceTree = "<group>"; };
		6C4160402CF5B9ED0040BABA /* QuestionFormView.swift */ = {isa = PBXFileReference; lastKnownFileType = sourcecode.swift; path = QuestionFormView.swift; sourceTree = "<group>"; };
		6C4160422CF5BD8D0040BABA /* QuestionListView.swift */ = {isa = PBXFileReference; lastKnownFileType = sourcecode.swift; path = QuestionListView.swift; sourceTree = "<group>"; };
		6C4160442CF5DF2E0040BABA /* ChoiceFormView.swift */ = {isa = PBXFileReference; lastKnownFileType = sourcecode.swift; path = ChoiceFormView.swift; sourceTree = "<group>"; };
		6C4160472CF70ED20040BABA /* NavigationManager.swift */ = {isa = PBXFileReference; lastKnownFileType = sourcecode.swift; path = NavigationManager.swift; sourceTree = "<group>"; };
		6C4160492CF88DBB0040BABA /* QuestionImagePicker.swift */ = {isa = PBXFileReference; lastKnownFileType = sourcecode.swift; path = QuestionImagePicker.swift; sourceTree = "<group>"; };
		6C41604B2CF895D20040BABA /* FileManagerExtensions.swift */ = {isa = PBXFileReference; lastKnownFileType = sourcecode.swift; path = FileManagerExtensions.swift; sourceTree = "<group>"; };
		6C41604D2CFC2B120040BABA /* QuizView.swift */ = {isa = PBXFileReference; lastKnownFileType = sourcecode.swift; path = QuizView.swift; sourceTree = "<group>"; };
/* End PBXFileReference section */

/* Begin PBXFrameworksBuildPhase section */
		6C4160252CF466100040BABA /* Frameworks */ = {
			isa = PBXFrameworksBuildPhase;
			buildActionMask = 2147483647;
			files = (
			);
			runOnlyForDeploymentPostprocessing = 0;
		};
/* End PBXFrameworksBuildPhase section */

/* Begin PBXGroup section */
		6C41601F2CF466100040BABA = {
			isa = PBXGroup;
			children = (
				6C41602A2CF466100040BABA /* DisneyQuiz */,
				6C4160292CF466100040BABA /* Products */,
			);
			sourceTree = "<group>";
		};
		6C4160292CF466100040BABA /* Products */ = {
			isa = PBXGroup;
			children = (
				6C4160282CF466100040BABA /* DisneyQuiz.app */,
			);
			name = Products;
			sourceTree = "<group>";
		};
		6C41602A2CF466100040BABA /* DisneyQuiz */ = {
			isa = PBXGroup;
			children = (
				6C4160462CF70EBB0040BABA /* Services */,
				6C41603A2CF4662D0040BABA /* Views */,
				6C4160392CF466230040BABA /* Models */,
				6C41602B2CF466100040BABA /* DisneyQuizApp.swift */,
				6C41602D2CF466100040BABA /* ContentView.swift */,
				6C41602F2CF466110040BABA /* Assets.xcassets */,
				6C4160312CF466110040BABA /* Preview Content */,
			);
			path = DisneyQuiz;
			sourceTree = "<group>";
		};
		6C4160312CF466110040BABA /* Preview Content */ = {
			isa = PBXGroup;
			children = (
				6C4160322CF466110040BABA /* Preview Assets.xcassets */,
			);
			path = "Preview Content";
			sourceTree = "<group>";
		};
		6C4160392CF466230040BABA /* Models */ = {
			isa = PBXGroup;
			children = (
				6C41603C2CF466510040BABA /* Question.swift */,
			);
			path = Models;
			sourceTree = "<group>";
		};
		6C41603A2CF4662D0040BABA /* Views */ = {
			isa = PBXGroup;
			children = (
				6C41603E2CF467840040BABA /* QuestionDetailView.swift */,
				6C4160402CF5B9ED0040BABA /* QuestionFormView.swift */,
				6C4160422CF5BD8D0040BABA /* QuestionListView.swift */,
				6C4160442CF5DF2E0040BABA /* ChoiceFormView.swift */,
				6C4160492CF88DBB0040BABA /* QuestionImagePicker.swift */,
				6C41604D2CFC2B120040BABA /* QuizView.swift */,
			);
			path = Views;
			sourceTree = "<group>";
		};
		6C4160462CF70EBB0040BABA /* Services */ = {
			isa = PBXGroup;
			children = (
				6C4160472CF70ED20040BABA /* NavigationManager.swift */,
				6C41604B2CF895D20040BABA /* FileManagerExtensions.swift */,
			);
			path = Services;
			sourceTree = "<group>";
		};
/* End PBXGroup section */

/* Begin PBXNativeTarget section */
		6C4160272CF466100040BABA /* DisneyQuiz */ = {
			isa = PBXNativeTarget;
			buildConfigurationList = 6C4160362CF466110040BABA /* Build configuration list for PBXNativeTarget "DisneyQuiz" */;
			buildPhases = (
				6C4160242CF466100040BABA /* Sources */,
				6C4160252CF466100040BABA /* Frameworks */,
				6C4160262CF466100040BABA /* Resources */,
			);
			buildRules = (
			);
			dependencies = (
			);
			name = DisneyQuiz;
			productName = DisneyQuiz;
			productReference = 6C4160282CF466100040BABA /* DisneyQuiz.app */;
			productType = "com.apple.product-type.application";
		};
/* End PBXNativeTarget section */

/* Begin PBXProject section */
		6C4160202CF466100040BABA /* Project object */ = {
			isa = PBXProject;
			attributes = {
				BuildIndependentTargetsInParallel = 1;
				LastSwiftUpdateCheck = 1540;
				LastUpgradeCheck = 1540;
				TargetAttributes = {
					6C4160272CF466100040BABA = {
						CreatedOnToolsVersion = 15.4;
					};
				};
			};
			buildConfigurationList = 6C4160232CF466100040BABA /* Build configuration list for PBXProject "DisneyQuiz" */;
			compatibilityVersion = "Xcode 14.0";
			developmentRegion = en;
			hasScannedForEncodings = 0;
			knownRegions = (
				en,
				Base,
			);
			mainGroup = 6C41601F2CF466100040BABA;
			productRefGroup = 6C4160292CF466100040BABA /* Products */;
			projectDirPath = "";
			projectRoot = "";
			targets = (
				6C4160272CF466100040BABA /* DisneyQuiz */,
			);
		};
/* End PBXProject section */

/* Begin PBXResourcesBuildPhase section */
		6C4160262CF466100040BABA /* Resources */ = {
			isa = PBXResourcesBuildPhase;
			buildActionMask = 2147483647;
			files = (
				6C4160332CF466110040BABA /* Preview Assets.xcassets in Resources */,
				6C4160302CF466110040BABA /* Assets.xcassets in Resources */,
			);
			runOnlyForDeploymentPostprocessing = 0;
		};
/* End PBXResourcesBuildPhase section */

/* Begin PBXSourcesBuildPhase section */
		6C4160242CF466100040BABA /* Sources */ = {
			isa = PBXSourcesBuildPhase;
			buildActionMask = 2147483647;
			files = (
				6C4160412CF5B9ED0040BABA /* QuestionFormView.swift in Sources */,
				6C41603D2CF466510040BABA /* Question.swift in Sources */,
				6C41604E2CFC2B120040BABA /* QuizView.swift in Sources */,
				6C4160452CF5DF2E0040BABA /* ChoiceFormView.swift in Sources */,
				6C41602E2CF466100040BABA /* ContentView.swift in Sources */,
				6C41604A2CF88DBB0040BABA /* QuestionImagePicker.swift in Sources */,
				6C41603F2CF467840040BABA /* QuestionDetailView.swift in Sources */,
				6C4160482CF70ED20040BABA /* NavigationManager.swift in Sources */,
				6C41604C2CF895D20040BABA /* FileManagerExtensions.swift in Sources */,
				6C4160432CF5BD8D0040BABA /* QuestionListView.swift in Sources */,
				6C41602C2CF466100040BABA /* DisneyQuizApp.swift in Sources */,
			);
			runOnlyForDeploymentPostprocessing = 0;
		};
/* End PBXSourcesBuildPhase section */

/* Begin XCBuildConfiguration section */
		6C4160342CF466110040BABA /* Debug */ = {
			isa = XCBuildConfiguration;
			buildSettings = {
				ALWAYS_SEARCH_USER_PATHS = NO;
				ASSETCATALOG_COMPILER_GENERATE_SWIFT_ASSET_SYMBOL_EXTENSIONS = YES;
				CLANG_ANALYZER_NONNULL = YES;
				CLANG_ANALYZER_NUMBER_OBJECT_CONVERSION = YES_AGGRESSIVE;
				CLANG_CXX_LANGUAGE_STANDARD = "gnu++20";
				CLANG_ENABLE_MODULES = YES;
				CLANG_ENABLE_OBJC_ARC = YES;
				CLANG_ENABLE_OBJC_WEAK = YES;
				CLANG_WARN_BLOCK_CAPTURE_AUTORELEASING = YES;
				CLANG_WARN_BOOL_CONVERSION = YES;
				CLANG_WARN_COMMA = YES;
				CLANG_WARN_CONSTANT_CONVERSION = YES;
				CLANG_WARN_DEPRECATED_OBJC_IMPLEMENTATIONS = YES;
				CLANG_WARN_DIRECT_OBJC_ISA_USAGE = YES_ERROR;
				CLANG_WARN_DOCUMENTATION_COMMENTS = YES;
				CLANG_WARN_EMPTY_BODY = YES;
				CLANG_WARN_ENUM_CONVERSION = YES;
				CLANG_WARN_INFINITE_RECURSION = YES;
				CLANG_WARN_INT_CONVERSION = YES;
				CLANG_WARN_NON_LITERAL_NULL_CONVERSION = YES;
				CLANG_WARN_OBJC_IMPLICIT_RETAIN_SELF = YES;
				CLANG_WARN_OBJC_LITERAL_CONVERSION = YES;
				CLANG_WARN_OBJC_ROOT_CLASS = YES_ERROR;
				CLANG_WARN_QUOTED_INCLUDE_IN_FRAMEWORK_HEADER = YES;
				CLANG_WARN_RANGE_LOOP_ANALYSIS = YES;
				CLANG_WARN_STRICT_PROTOTYPES = YES;
				CLANG_WARN_SUSPICIOUS_MOVE = YES;
				CLANG_WARN_UNGUARDED_AVAILABILITY = YES_AGGRESSIVE;
				CLANG_WARN_UNREACHABLE_CODE = YES;
				CLANG_WARN__DUPLICATE_METHOD_MATCH = YES;
				COPY_PHASE_STRIP = NO;
				DEBUG_INFORMATION_FORMAT = dwarf;
				ENABLE_STRICT_OBJC_MSGSEND = YES;
				ENABLE_TESTABILITY = YES;
				ENABLE_USER_SCRIPT_SANDBOXING = YES;
				GCC_C_LANGUAGE_STANDARD = gnu17;
				GCC_DYNAMIC_NO_PIC = NO;
				GCC_NO_COMMON_BLOCKS = YES;
				GCC_OPTIMIZATION_LEVEL = 0;
				GCC_PREPROCESSOR_DEFINITIONS = (
					"DEBUG=1",
					"$(inherited)",
				);
				GCC_WARN_64_TO_32_BIT_CONVERSION = YES;
				GCC_WARN_ABOUT_RETURN_TYPE = YES_ERROR;
				GCC_WARN_UNDECLARED_SELECTOR = YES;
				GCC_WARN_UNINITIALIZED_AUTOS = YES_AGGRESSIVE;
				GCC_WARN_UNUSED_FUNCTION = YES;
				GCC_WARN_UNUSED_VARIABLE = YES;
				IPHONEOS_DEPLOYMENT_TARGET = 17.5;
				LOCALIZATION_PREFERS_STRING_CATALOGS = YES;
				MTL_ENABLE_DEBUG_INFO = INCLUDE_SOURCE;
				MTL_FAST_MATH = YES;
				ONLY_ACTIVE_ARCH = YES;
				SDKROOT = iphoneos;
				SWIFT_ACTIVE_COMPILATION_CONDITIONS = "DEBUG $(inherited)";
				SWIFT_OPTIMIZATION_LEVEL = "-Onone";
			};
			name = Debug;
		};
		6C4160352CF466110040BABA /* Release */ = {
			isa = XCBuildConfiguration;
			buildSettings = {
				ALWAYS_SEARCH_USER_PATHS = NO;
				ASSETCATALOG_COMPILER_GENERATE_SWIFT_ASSET_SYMBOL_EXTENSIONS = YES;
				CLANG_ANALYZER_NONNULL = YES;
				CLANG_ANALYZER_NUMBER_OBJECT_CONVERSION = YES_AGGRESSIVE;
				CLANG_CXX_LANGUAGE_STANDARD = "gnu++20";
				CLANG_ENABLE_MODULES = YES;
				CLANG_ENABLE_OBJC_ARC = YES;
				CLANG_ENABLE_OBJC_WEAK = YES;
				CLANG_WARN_BLOCK_CAPTURE_AUTORELEASING = YES;
				CLANG_WARN_BOOL_CONVERSION = YES;
				CLANG_WARN_COMMA = YES;
				CLANG_WARN_CONSTANT_CONVERSION = YES;
				CLANG_WARN_DEPRECATED_OBJC_IMPLEMENTATIONS = YES;
				CLANG_WARN_DIRECT_OBJC_ISA_USAGE = YES_ERROR;
				CLANG_WARN_DOCUMENTATION_COMMENTS = YES;
				CLANG_WARN_EMPTY_BODY = YES;
				CLANG_WARN_ENUM_CONVERSION = YES;
				CLANG_WARN_INFINITE_RECURSION = YES;
				CLANG_WARN_INT_CONVERSION = YES;
				CLANG_WARN_NON_LITERAL_NULL_CONVERSION = YES;
				CLANG_WARN_OBJC_IMPLICIT_RETAIN_SELF = YES;
				CLANG_WARN_OBJC_LITERAL_CONVERSION = YES;
				CLANG_WARN_OBJC_ROOT_CLASS = YES_ERROR;
				CLANG_WARN_QUOTED_INCLUDE_IN_FRAMEWORK_HEADER = YES;
				CLANG_WARN_RANGE_LOOP_ANALYSIS = YES;
				CLANG_WARN_STRICT_PROTOTYPES = YES;
				CLANG_WARN_SUSPICIOUS_MOVE = YES;
				CLANG_WARN_UNGUARDED_AVAILABILITY = YES_AGGRESSIVE;
				CLANG_WARN_UNREACHABLE_CODE = YES;
				CLANG_WARN__DUPLICATE_METHOD_MATCH = YES;
				COPY_PHASE_STRIP = NO;
				DEBUG_INFORMATION_FORMAT = "dwarf-with-dsym";
				ENABLE_NS_ASSERTIONS = NO;
				ENABLE_STRICT_OBJC_MSGSEND = YES;
				ENABLE_USER_SCRIPT_SANDBOXING = YES;
				GCC_C_LANGUAGE_STANDARD = gnu17;
				GCC_NO_COMMON_BLOCKS = YES;
				GCC_WARN_64_TO_32_BIT_CONVERSION = YES;
				GCC_WARN_ABOUT_RETURN_TYPE = YES_ERROR;
				GCC_WARN_UNDECLARED_SELECTOR = YES;
				GCC_WARN_UNINITIALIZED_AUTOS = YES_AGGRESSIVE;
				GCC_WARN_UNUSED_FUNCTION = YES;
				GCC_WARN_UNUSED_VARIABLE = YES;
				IPHONEOS_DEPLOYMENT_TARGET = 17.5;
				LOCALIZATION_PREFERS_STRING_CATALOGS = YES;
				MTL_ENABLE_DEBUG_INFO = NO;
				MTL_FAST_MATH = YES;
				SDKROOT = iphoneos;
				SWIFT_COMPILATION_MODE = wholemodule;
				VALIDATE_PRODUCT = YES;
			};
			name = Release;
		};
		6C4160372CF466110040BABA /* Debug */ = {
			isa = XCBuildConfiguration;
			buildSettings = {
				ASSETCATALOG_COMPILER_APPICON_NAME = AppIcon;
				ASSETCATALOG_COMPILER_GLOBAL_ACCENT_COLOR_NAME = AccentColor;
				CODE_SIGN_IDENTITY = "Apple Development";
				CODE_SIGN_STYLE = Automatic;
				CURRENT_PROJECT_VERSION = 1;
				DEVELOPMENT_ASSET_PATHS = "\"DisneyQuiz/Preview Content\"";
				DEVELOPMENT_TEAM = U8WNKKB2BB;
				ENABLE_PREVIEWS = YES;
				GENERATE_INFOPLIST_FILE = YES;
				INFOPLIST_KEY_UIApplicationSceneManifest_Generation = YES;
				INFOPLIST_KEY_UIApplicationSupportsIndirectInputEvents = YES;
				INFOPLIST_KEY_UILaunchScreen_Generation = YES;
				INFOPLIST_KEY_UISupportedInterfaceOrientations_iPad = "UIInterfaceOrientationPortrait UIInterfaceOrientationPortraitUpsideDown UIInterfaceOrientationLandscapeLeft UIInterfaceOrientationLandscapeRight";
				INFOPLIST_KEY_UISupportedInterfaceOrientations_iPhone = "UIInterfaceOrientationPortrait UIInterfaceOrientationLandscapeLeft UIInterfaceOrientationLandscapeRight";
				LD_RUNPATH_SEARCH_PATHS = (
					"$(inherited)",
					"@executable_path/Frameworks",
				);
				MARKETING_VERSION = 1.0;
				PRODUCT_BUNDLE_IDENTIFIER = James.DisneyQuiz;
				PRODUCT_NAME = "$(TARGET_NAME)";
				PROVISIONING_PROFILE_SPECIFIER = "";
				SWIFT_EMIT_LOC_STRINGS = YES;
				SWIFT_VERSION = 5.0;
				TARGETED_DEVICE_FAMILY = "1,2";
			};
			name = Debug;
		};
		6C4160382CF466110040BABA /* Release */ = {
			isa = XCBuildConfiguration;
			buildSettings = {
				ASSETCATALOG_COMPILER_APPICON_NAME = AppIcon;
				ASSETCATALOG_COMPILER_GLOBAL_ACCENT_COLOR_NAME = AccentColor;
				CODE_SIGN_IDENTITY = "Apple Development";
				CODE_SIGN_STYLE = Automatic;
				CURRENT_PROJECT_VERSION = 1;
				DEVELOPMENT_ASSET_PATHS = "\"DisneyQuiz/Preview Content\"";
				DEVELOPMENT_TEAM = U8WNKKB2BB;
				ENABLE_PREVIEWS = YES;
				GENERATE_INFOPLIST_FILE = YES;
				INFOPLIST_KEY_UIApplicationSceneManifest_Generation = YES;
				INFOPLIST_KEY_UIApplicationSupportsIndirectInputEvents = YES;
				INFOPLIST_KEY_UILaunchScreen_Generation = YES;
				INFOPLIST_KEY_UISupportedInterfaceOrientations_iPad = "UIInterfaceOrientationPortrait UIInterfaceOrientationPortraitUpsideDown UIInterfaceOrientationLandscapeLeft UIInterfaceOrientationLandscapeRight";
				INFOPLIST_KEY_UISupportedInterfaceOrientations_iPhone = "UIInterfaceOrientationPortrait UIInterfaceOrientationLandscapeLeft UIInterfaceOrientationLandscapeRight";
				LD_RUNPATH_SEARCH_PATHS = (
					"$(inherited)",
					"@executable_path/Frameworks",
				);
				MARKETING_VERSION = 1.0;
				PRODUCT_BUNDLE_IDENTIFIER = James.DisneyQuiz;
				PRODUCT_NAME = "$(TARGET_NAME)";
				PROVISIONING_PROFILE_SPECIFIER = "";
				SWIFT_EMIT_LOC_STRINGS = YES;
				SWIFT_VERSION = 5.0;
				TARGETED_DEVICE_FAMILY = "1,2";
			};
			name = Release;
		};
/* End XCBuildConfiguration section */

/* Begin XCConfigurationList section */
		6C4160232CF466100040BABA /* Build configuration list for PBXProject "DisneyQuiz" */ = {
			isa = XCConfigurationList;
			buildConfigurations = (
				6C4160342CF466110040BABA /* Debug */,
				6C4160352CF466110040BABA /* Release */,
			);
			defaultConfigurationIsVisible = 0;
			defaultConfigurationName = Release;
		};
		6C4160362CF466110040BABA /* Build configuration list for PBXNativeTarget "DisneyQuiz" */ = {
			isa = XCConfigurationList;
			buildConfigurations = (
				6C4160372CF466110040BABA /* Debug */,
				6C4160382CF466110040BABA /* Release */,
			);
			defaultConfigurationIsVisible = 0;
			defaultConfigurationName = Release;
		};
/* End XCConfigurationList section */
	};
	rootObject = 6C4160202CF466100040BABA /* Project object */;
}
